
Microsoft Visual Studio Solution File, Format Version 12.00
# Visual Studio Version 16
VisualStudioVersion = 16.0.30002.166
MinimumVisualStudioVersion = 15.0.26124.0
Project("{2150E333-8FDC-42A3-9474-1A3956D46DE8}") = "SolutionItems", "SolutionItems", "{210CF769-DFDB-48E0-BC28-114DDE713B3D}"
	ProjectSection(SolutionItems) = preProject
		.gitignore = .gitignore
		build.fsx = build.fsx
		.config\dotnet-tools.json = .config\dotnet-tools.json
		fake.cmd = fake.cmd
		fake.sh = fake.sh
		LICENSE = LICENSE
		README.md = README.md
	EndProjectSection
EndProject
Project("{2150E333-8FDC-42A3-9474-1A3956D46DE8}") = "Website", "Website", "{BE9C998A-BB12-4AEB-BCA3-003061CE841B}"
	ProjectSection(SolutionItems) = preProject
		src\config.fsx = src\config.fsx
	EndProjectSection
EndProject
Project("{2150E333-8FDC-42A3-9474-1A3956D46DE8}") = "loaders", "loaders", "{7BCA1CAA-9AAC-4322-8A51-ECE90B88D5FC}"
	ProjectSection(SolutionItems) = preProject
		src\loaders\buildingBlockLoader.fsx = src\loaders\buildingBlockLoader.fsx
		src\loaders\globalloader.fsx = src\loaders\globalloader.fsx
		src\loaders\pageloader.fsx = src\loaders\pageloader.fsx
		src\loaders\postloader.fsx = src\loaders\postloader.fsx
	EndProjectSection
EndProject
Project("{2150E333-8FDC-42A3-9474-1A3956D46DE8}") = "generators", "generators", "{85886CFF-6D33-4EF8-8E92-0FF8E8E87FF0}"
	ProjectSection(SolutionItems) = preProject
		src\generators\layout.fsx = src\generators\layout.fsx
		src\generators\test.fsx = src\generators\test.fsx
	EndProjectSection
EndProject
Project("{2150E333-8FDC-42A3-9474-1A3956D46DE8}") = "images", "images", "{9D76B090-539A-476E-A80D-9602891D7B05}"
	ProjectSection(SolutionItems) = preProject
		src\images\favicon.png = src\images\favicon.png
		src\images\TestImg_Black.png = src\images\TestImg_Black.png
		src\images\TestImg_White.png = src\images\TestImg_White.png
	EndProjectSection
EndProject
Project("{2150E333-8FDC-42A3-9474-1A3956D46DE8}") = "styles", "styles", "{A21BDCE2-A0FE-469F-BAB7-F5C47EFF7509}"
	ProjectSection(SolutionItems) = preProject
		src\style\style.css = src\style\style.css
	EndProjectSection
EndProject
Project("{2150E333-8FDC-42A3-9474-1A3956D46DE8}") = "BuildingBlocks", "BuildingBlocks", "{39D877CC-C885-4C86-8327-50504042FD3A}"
	ProjectSection(SolutionItems) = preProject
		src\buildingblocks\1_source.json = src\buildingblocks\1_source.json
		src\buildingblocks\2_characteristics.json = src\buildingblocks\2_characteristics.json
		src\buildingblocks\3_Factor.json = src\buildingblocks\3_Factor.json
		src\buildingblocks\4_Parameter.json = src\buildingblocks\4_Parameter.json
		src\buildingblocks\5_Sample.json = src\buildingblocks\5_Sample.json
		src\buildingblocks\6_Data.json = src\buildingblocks\6_Data.json
	EndProjectSection
EndProject
Global
	GlobalSection(SolutionConfigurationPlatforms) = preSolution
		Debug|Any CPU = Debug|Any CPU
		Debug|x64 = Debug|x64
		Debug|x86 = Debug|x86
		Release|Any CPU = Release|Any CPU
		Release|x64 = Release|x64
		Release|x86 = Release|x86
	EndGlobalSection
	GlobalSection(SolutionProperties) = preSolution
		HideSolutionNode = FALSE
	EndGlobalSection
	GlobalSection(NestedProjects) = preSolution
		{7BCA1CAA-9AAC-4322-8A51-ECE90B88D5FC} = {BE9C998A-BB12-4AEB-BCA3-003061CE841B}
		{85886CFF-6D33-4EF8-8E92-0FF8E8E87FF0} = {BE9C998A-BB12-4AEB-BCA3-003061CE841B}
		{9D76B090-539A-476E-A80D-9602891D7B05} = {BE9C998A-BB12-4AEB-BCA3-003061CE841B}
		{A21BDCE2-A0FE-469F-BAB7-F5C47EFF7509} = {BE9C998A-BB12-4AEB-BCA3-003061CE841B}
		{39D877CC-C885-4C86-8327-50504042FD3A} = {BE9C998A-BB12-4AEB-BCA3-003061CE841B}
	EndGlobalSection
	GlobalSection(ExtensibilityGlobals) = postSolution
		SolutionGuid = {0F3EF6FA-E71F-4BF4-9103-7C3855F0AE69}
	EndGlobalSection
EndGlobal
